PODS:
  - XXTWebVideoRotate (1.0.4)

DEPENDENCIES:
  - XXTWebVideoRotate (from `../`)

EXTERNAL SOURCES:
  XXTWebVideoRotate:
    :path: "../"

SPEC CHECKSUMS:
  XXTWebVideoRotate: 1b7921c755dc8e62f70236bfeb3f80224d48a7e1

PODFILE CHECKSUM: 29473f24c4712a4cc99a572dfab1244630b7b4a9

COCOAPODS: 1.8.3
